
Microsoft Visual Studio Solution File, Format Version 11.00
# Visual Studio 2010
# SharpDevelop 5.2
Project("{EAD1E85F-CEF5-4861-AFF8-597F2DDE70FC}") = "IEC61499", "IEC61499\IEC61499.dfbproj", "{C81BCFFC-31DB-4ED2-B56B-3C26B5189CAD}"
EndProject
Project("{FAE04EC0-301F-11D3-BF4B-00C04F79EFBC}") = "HMI", "HMI\HMI.csproj", "{A9DDDEBD-D984-4213-970F-E112F9395CD4}"
EndProject
Project("{72AEB29F-A91B-8B3D-40ED-1C96841A14A3}") = "HwConfiguration", "HwConfiguration\HwConfiguration.hwconfigproj", "{1DE511D9-BD89-40C9-902A-0039D07583DE}"
EndProject
Project("{E25C2A81-DD87-490C-A304-820B0BA163F2}") = "AssetLinkData", "AssetLinkData\AssetLinkData.assetLinkDataproj", "{465107B7-F592-4238-B160-E7A3BAEEDE66}"
EndProject
Project("{B8625A29-8134-4135-BEBD-5371646CD051}") = "TopologyManager", "Topology\TopologyManager.topologyproj", "{D86E09DE-DD2B-4279-80B4-1468FEDF7272}"
EndProject
Project("{AF5A4E9E-1CB6-4325-AE5C-F3437C6CEE36}") = "ATVHMIPlugin", "ATVHMIPlugin\ATVHMIPlugin.atvdisplayproj", "{624BEB94-A117-47E3-A22E-6BCA9C609674}"
EndProject
Project("{734B64AD-5918-4A98-921E-F30440701D97}") = "AvevaOMI", "AvevaOMI\AvevaOMI.omiproj", "{26152CBB-A6FE-4531-A0F1-E73AD95D751C}"
EndProject
Project("{EAD1E85F-CEF5-4861-AFF8-597F2DDE70FC}") = "SE.Nereda", "SE.Nereda\IEC61499\SE.Nereda.dfbproj", "{97D3C9C6-3600-4C32-B505-FF307814D470}"
EndProject
Project("{FAE04EC0-301F-11D3-BF4B-00C04F79EFBC}") = "SE.Nereda.HMI", "SE.Nereda\HMI\SE.Nereda.HMI.csproj", "{AD008708-34B1-4E94-8800-E906D78C57EC}"
EndProject
Project("{72AEB29F-A91B-8B3D-40ED-1C96841A14A3}") = "SE.Nereda.HwConfiguration", "SE.Nereda\HwConfiguration\SE.Nereda.HwConfiguration.hwconfigproj", "{412AA1B5-78A2-45EB-9660-3180CDC793B9}"
EndProject
Project("{E25C2A81-DD87-490C-A304-820B0BA163F2}") = "SE.Nereda.AssetLinkData", "SE.Nereda\AssetLinkData\SE.Nereda.AssetLinkData.assetLinkDataproj", "{7FEE61D9-26F8-486C-98F2-6F796C8E39A4}"
EndProject
Project("{AF5A4E9E-1CB6-4325-AE5C-F3437C6CEE36}") = "SE.Nereda.ATVHMIPlugin", "SE.Nereda\ATVHMIPlugin\SE.Nereda.ATVHMIPlugin.atvdisplayproj", "{1EAF25CE-D37D-4751-BD75-0BD5E144F2CD}"
EndProject
Project("{734B64AD-5918-4A98-921E-F30440701D97}") = "SE.Nereda.AvevaOMI", "SE.Nereda\AvevaOMI\SE.Nereda.AvevaOMI.omiproj", "{8F230693-BA68-49FB-97CA-20E4F7DADBC2}"
EndProject
Project("{EAD1E85F-CEF5-4861-AFF8-597F2DDE70FC}") = "Hidryco.HidrycoLib", "Hidryco.HidrycoLib\IEC61499\Hidryco.HidrycoLib.dfbproj", "{B77C0C55-5C46-4C7A-83FC-0D8E2F811506}"
EndProject
Project("{FAE04EC0-301F-11D3-BF4B-00C04F79EFBC}") = "Hidryco.HidrycoLib.HMI", "Hidryco.HidrycoLib\HMI\Hidryco.HidrycoLib.HMI.csproj", "{F6723CA9-EB19-4E88-9440-21EE0DC7655F}"
EndProject
Project("{72AEB29F-A91B-8B3D-40ED-1C96841A14A3}") = "Hidryco.HidrycoLib.HwConfiguration", "Hidryco.HidrycoLib\HwConfiguration\Hidryco.HidrycoLib.HwConfiguration.hwconfigproj", "{6E385668-212A-40A8-B86A-532BBBB18563}"
EndProject
Project("{E25C2A81-DD87-490C-A304-820B0BA163F2}") = "Hidryco.HidrycoLib.AssetLinkData", "Hidryco.HidrycoLib\AssetLinkData\Hidryco.HidrycoLib.AssetLinkData.assetLinkDataproj", "{CFA6C155-D82A-42D5-8A96-5A76E993FB77}"
EndProject
Project("{AF5A4E9E-1CB6-4325-AE5C-F3437C6CEE36}") = "Hidryco.HidrycoLib.ATVHMIPlugin", "Hidryco.HidrycoLib\ATVHMIPlugin\Hidryco.HidrycoLib.ATVHMIPlugin.atvdisplayproj", "{2F3DBC56-56ED-4AF9-8D75-4D9B2D7EE743}"
EndProject
Project("{734B64AD-5918-4A98-921E-F30440701D97}") = "Hidryco.HidrycoLib.AvevaOMI", "Hidryco.HidrycoLib\AvevaOMI\Hidryco.HidrycoLib.AvevaOMI.omiproj", "{329335ED-9706-417B-BE5D-087CC5A61327}"
EndProject
Global
	GlobalSection(SolutionConfigurationPlatforms) = preSolution
		Debug|Windows = Debug|Windows
		Release|Windows = Release|Windows
	EndGlobalSection
	GlobalSection(ProjectConfigurationPlatforms) = postSolution
		{C81BCFFC-31DB-4ED2-B56B-3C26B5189CAD}.Debug|Windows.ActiveCfg = Debug|Windows
		{C81BCFFC-31DB-4ED2-B56B-3C26B5189CAD}.Debug|Windows.Build.0 = Debug|Windows
		{C81BCFFC-31DB-4ED2-B56B-3C26B5189CAD}.Release|Windows.ActiveCfg = Release|Windows
		{C81BCFFC-31DB-4ED2-B56B-3C26B5189CAD}.Release|Windows.Build.0 = Release|Windows
		{A9DDDEBD-D984-4213-970F-E112F9395CD4}.Debug|Windows.ActiveCfg = Debug|Windows
		{A9DDDEBD-D984-4213-970F-E112F9395CD4}.Debug|Windows.Build.0 = Debug|Windows
		{A9DDDEBD-D984-4213-970F-E112F9395CD4}.Release|Windows.ActiveCfg = Release|Windows
		{A9DDDEBD-D984-4213-970F-E112F9395CD4}.Release|Windows.Build.0 = Release|Windows
		{1DE511D9-BD89-40C9-902A-0039D07583DE}.Debug|Windows.ActiveCfg = Debug|Windows
		{1DE511D9-BD89-40C9-902A-0039D07583DE}.Debug|Windows.Build.0 = Debug|Windows
		{1DE511D9-BD89-40C9-902A-0039D07583DE}.Release|Windows.ActiveCfg = Release|Windows
		{1DE511D9-BD89-40C9-902A-0039D07583DE}.Release|Windows.Build.0 = Release|Windows
		{465107B7-F592-4238-B160-E7A3BAEEDE66}.Debug|Windows.ActiveCfg = Debug|Windows
		{465107B7-F592-4238-B160-E7A3BAEEDE66}.Debug|Windows.Build.0 = Debug|Windows
		{465107B7-F592-4238-B160-E7A3BAEEDE66}.Release|Windows.ActiveCfg = Release|Windows
		{465107B7-F592-4238-B160-E7A3BAEEDE66}.Release|Windows.Build.0 = Release|Windows
		{D86E09DE-DD2B-4279-80B4-1468FEDF7272}.Debug|Windows.ActiveCfg = Debug|Windows
		{D86E09DE-DD2B-4279-80B4-1468FEDF7272}.Debug|Windows.Build.0 = Debug|Windows
		{D86E09DE-DD2B-4279-80B4-1468FEDF7272}.Release|Windows.ActiveCfg = Release|Windows
		{D86E09DE-DD2B-4279-80B4-1468FEDF7272}.Release|Windows.Build.0 = Release|Windows
		{624BEB94-A117-47E3-A22E-6BCA9C609674}.Debug|Windows.ActiveCfg = Debug|Windows
		{624BEB94-A117-47E3-A22E-6BCA9C609674}.Debug|Windows.Build.0 = Debug|Windows
		{624BEB94-A117-47E3-A22E-6BCA9C609674}.Release|Windows.ActiveCfg = Release|Windows
		{624BEB94-A117-47E3-A22E-6BCA9C609674}.Release|Windows.Build.0 = Release|Windows
		{26152CBB-A6FE-4531-A0F1-E73AD95D751C}.Debug|Windows.ActiveCfg = Debug|Windows
		{26152CBB-A6FE-4531-A0F1-E73AD95D751C}.Debug|Windows.Build.0 = Debug|Windows
		{26152CBB-A6FE-4531-A0F1-E73AD95D751C}.Release|Windows.ActiveCfg = Release|Windows
		{26152CBB-A6FE-4531-A0F1-E73AD95D751C}.Release|Windows.Build.0 = Release|Windows
		{97D3C9C6-3600-4C32-B505-FF307814D470}.Debug|Windows.ActiveCfg = Debug|Windows
		{97D3C9C6-3600-4C32-B505-FF307814D470}.Debug|Windows.Build.0 = Debug|Windows
		{97D3C9C6-3600-4C32-B505-FF307814D470}.Release|Windows.ActiveCfg = Release|Windows
		{97D3C9C6-3600-4C32-B505-FF307814D470}.Release|Windows.Build.0 = Release|Windows
		{AD008708-34B1-4E94-8800-E906D78C57EC}.Debug|Windows.ActiveCfg = Debug|Windows
		{AD008708-34B1-4E94-8800-E906D78C57EC}.Debug|Windows.Build.0 = Debug|Windows
		{AD008708-34B1-4E94-8800-E906D78C57EC}.Release|Windows.ActiveCfg = Release|Windows
		{AD008708-34B1-4E94-8800-E906D78C57EC}.Release|Windows.Build.0 = Release|Windows
		{412AA1B5-78A2-45EB-9660-3180CDC793B9}.Debug|Windows.ActiveCfg = Debug|Windows
		{412AA1B5-78A2-45EB-9660-3180CDC793B9}.Debug|Windows.Build.0 = Debug|Windows
		{412AA1B5-78A2-45EB-9660-3180CDC793B9}.Release|Windows.ActiveCfg = Release|Windows
		{412AA1B5-78A2-45EB-9660-3180CDC793B9}.Release|Windows.Build.0 = Release|Windows
		{7FEE61D9-26F8-486C-98F2-6F796C8E39A4}.Debug|Windows.ActiveCfg = Debug|Windows
		{7FEE61D9-26F8-486C-98F2-6F796C8E39A4}.Debug|Windows.Build.0 = Debug|Windows
		{7FEE61D9-26F8-486C-98F2-6F796C8E39A4}.Release|Windows.ActiveCfg = Release|Windows
		{7FEE61D9-26F8-486C-98F2-6F796C8E39A4}.Release|Windows.Build.0 = Release|Windows
		{1EAF25CE-D37D-4751-BD75-0BD5E144F2CD}.Debug|Windows.ActiveCfg = Debug|Windows
		{1EAF25CE-D37D-4751-BD75-0BD5E144F2CD}.Debug|Windows.Build.0 = Debug|Windows
		{1EAF25CE-D37D-4751-BD75-0BD5E144F2CD}.Release|Windows.ActiveCfg = Release|Windows
		{1EAF25CE-D37D-4751-BD75-0BD5E144F2CD}.Release|Windows.Build.0 = Release|Windows
		{8F230693-BA68-49FB-97CA-20E4F7DADBC2}.Debug|Windows.ActiveCfg = Debug|Windows
		{8F230693-BA68-49FB-97CA-20E4F7DADBC2}.Debug|Windows.Build.0 = Debug|Windows
		{8F230693-BA68-49FB-97CA-20E4F7DADBC2}.Release|Windows.ActiveCfg = Release|Windows
		{8F230693-BA68-49FB-97CA-20E4F7DADBC2}.Release|Windows.Build.0 = Release|Windows
		{B77C0C55-5C46-4C7A-83FC-0D8E2F811506}.Debug|Windows.ActiveCfg = Debug|Windows
		{B77C0C55-5C46-4C7A-83FC-0D8E2F811506}.Debug|Windows.Build.0 = Debug|Windows
		{B77C0C55-5C46-4C7A-83FC-0D8E2F811506}.Release|Windows.ActiveCfg = Release|Windows
		{B77C0C55-5C46-4C7A-83FC-0D8E2F811506}.Release|Windows.Build.0 = Release|Windows
		{F6723CA9-EB19-4E88-9440-21EE0DC7655F}.Debug|Windows.ActiveCfg = Debug|Windows
		{F6723CA9-EB19-4E88-9440-21EE0DC7655F}.Debug|Windows.Build.0 = Debug|Windows
		{F6723CA9-EB19-4E88-9440-21EE0DC7655F}.Release|Windows.ActiveCfg = Release|Windows
		{F6723CA9-EB19-4E88-9440-21EE0DC7655F}.Release|Windows.Build.0 = Release|Windows
		{6E385668-212A-40A8-B86A-532BBBB18563}.Debug|Windows.ActiveCfg = Debug|Windows
		{6E385668-212A-40A8-B86A-532BBBB18563}.Debug|Windows.Build.0 = Debug|Windows
		{6E385668-212A-40A8-B86A-532BBBB18563}.Release|Windows.ActiveCfg = Release|Windows
		{6E385668-212A-40A8-B86A-532BBBB18563}.Release|Windows.Build.0 = Release|Windows
		{CFA6C155-D82A-42D5-8A96-5A76E993FB77}.Debug|Windows.ActiveCfg = Debug|Windows
		{CFA6C155-D82A-42D5-8A96-5A76E993FB77}.Debug|Windows.Build.0 = Debug|Windows
		{CFA6C155-D82A-42D5-8A96-5A76E993FB77}.Release|Windows.ActiveCfg = Release|Windows
		{CFA6C155-D82A-42D5-8A96-5A76E993FB77}.Release|Windows.Build.0 = Release|Windows
		{2F3DBC56-56ED-4AF9-8D75-4D9B2D7EE743}.Debug|Windows.ActiveCfg = Debug|Windows
		{2F3DBC56-56ED-4AF9-8D75-4D9B2D7EE743}.Debug|Windows.Build.0 = Debug|Windows
		{2F3DBC56-56ED-4AF9-8D75-4D9B2D7EE743}.Release|Windows.ActiveCfg = Release|Windows
		{2F3DBC56-56ED-4AF9-8D75-4D9B2D7EE743}.Release|Windows.Build.0 = Release|Windows
		{329335ED-9706-417B-BE5D-087CC5A61327}.Debug|Windows.ActiveCfg = Debug|Windows
		{329335ED-9706-417B-BE5D-087CC5A61327}.Debug|Windows.Build.0 = Debug|Windows
		{329335ED-9706-417B-BE5D-087CC5A61327}.Release|Windows.ActiveCfg = Release|Windows
		{329335ED-9706-417B-BE5D-087CC5A61327}.Release|Windows.Build.0 = Release|Windows
	EndGlobalSection
EndGlobal
