
Microsoft Visual Studio Solution File, Format Version 11.00
# Visual Studio 2010
# SharpDevelop 5.2
Project("{EAD1E85F-CEF5-4861-AFF8-597F2DDE70FC}") = "IEC61499", "IEC61499\IEC61499.dfbproj", "{E4330723-60A1-48F8-BB6D-305C34AA7424}"
EndProject
Project("{FAE04EC0-301F-11D3-BF4B-00C04F79EFBC}") = "HMI", "HMI\HMI.csproj", "{F8418BCD-5011-4BA7-89A5-0E68939D75F7}"
EndProject
Project("{38DB5ADD-0BC9-44D4-BE85-0EAFA8D5BD5F}") = "WEB", "WEB\WEB.htmlproj", "{A3BD022E-9A95-4578-B108-441FBDE3631C}"
EndProject
Project("{72AEB29F-A91B-8B3D-40ED-1C96841A14A3}") = "HwConfiguration", "HwConfiguration\HwConfiguration.hwconfigproj", "{5A9F841B-BDC6-4DE1-9FD4-9FBBCD0FA61D}"
EndProject
Project("{E25C2A81-DD87-490C-A304-820B0BA163F2}") = "AssetLinkData", "AssetLinkData\AssetLinkData.assetLinkDataproj", "{3A82B9B8-1B96-431B-A2EC-4021C9D30BFF}"
EndProject
Project("{B8625A29-8134-4135-BEBD-5371646CD051}") = "TopologyManager", "Topology\TopologyManager.topologyproj", "{1DCA7409-3727-4A01-A194-D143EC9FEFFB}"
EndProject
Project("{AF5A4E9E-1CB6-4325-AE5C-F3437C6CEE36}") = "ATVHMIPlugin", "ATVHMIPlugin\ATVHMIPlugin.atvdisplayproj", "{F55E71AA-2081-4933-B165-BA0FC5600EF2}"
EndProject
Project("{734B64AD-5918-4A98-921E-F30440701D97}") = "AvevaOMI", "AvevaOMI\AvevaOMI.omiproj", "{3EA813AC-E2A7-4E9C-8CD6-BBD247F08600}"
EndProject
Project("{EAD1E85F-CEF5-4861-AFF8-597F2DDE70FC}") = "Hidryco.HidrycoLib", "Hidryco.HidrycoLib\IEC61499\Hidryco.HidrycoLib.dfbproj", "{4B6366F8-0B9B-4BAD-AA76-4103C7764FAA}"
EndProject
Project("{FAE04EC0-301F-11D3-BF4B-00C04F79EFBC}") = "Hidryco.HidrycoLib.HMI", "Hidryco.HidrycoLib\HMI\Hidryco.HidrycoLib.HMI.csproj", "{7C238246-4769-441E-A11C-14B4F0173D7D}"
EndProject
Project("{72AEB29F-A91B-8B3D-40ED-1C96841A14A3}") = "Hidryco.HidrycoLib.HwConfiguration", "Hidryco.HidrycoLib\HwConfiguration\Hidryco.HidrycoLib.HwConfiguration.hwconfigproj", "{85F5A61E-56E4-40D6-BF31-66EE2014CE77}"
EndProject
Project("{E25C2A81-DD87-490C-A304-820B0BA163F2}") = "Hidryco.HidrycoLib.AssetLinkData", "Hidryco.HidrycoLib\AssetLinkData\Hidryco.HidrycoLib.AssetLinkData.assetLinkDataproj", "{82716B77-05C3-4088-8833-43225DA3F7E8}"
EndProject
Project("{AF5A4E9E-1CB6-4325-AE5C-F3437C6CEE36}") = "Hidryco.HidrycoLib.ATVHMIPlugin", "Hidryco.HidrycoLib\ATVHMIPlugin\Hidryco.HidrycoLib.ATVHMIPlugin.atvdisplayproj", "{E7103B6D-B291-4B9A-83DA-F0D8BE7108DC}"
EndProject
Project("{734B64AD-5918-4A98-921E-F30440701D97}") = "Hidryco.HidrycoLib.AvevaOMI", "Hidryco.HidrycoLib\AvevaOMI\Hidryco.HidrycoLib.AvevaOMI.omiproj", "{8EE5DF0B-CE83-4BF4-84C3-786C9C02BD55}"
EndProject
Project("{EAD1E85F-CEF5-4861-AFF8-597F2DDE70FC}") = "SE.Nereda", "SE.Nereda\IEC61499\SE.Nereda.dfbproj", "{54B2432E-62B9-436B-BA84-1F7F383D1E5A}"
EndProject
Project("{FAE04EC0-301F-11D3-BF4B-00C04F79EFBC}") = "SE.Nereda.HMI", "SE.Nereda\HMI\SE.Nereda.HMI.csproj", "{9EE2B9CC-CBD7-4123-935E-A78B80855479}"
EndProject
Project("{72AEB29F-A91B-8B3D-40ED-1C96841A14A3}") = "SE.Nereda.HwConfiguration", "SE.Nereda\HwConfiguration\SE.Nereda.HwConfiguration.hwconfigproj", "{86FC35A7-BFCB-4456-9408-E4F5C5284977}"
EndProject
Project("{E25C2A81-DD87-490C-A304-820B0BA163F2}") = "SE.Nereda.AssetLinkData", "SE.Nereda\AssetLinkData\SE.Nereda.AssetLinkData.assetLinkDataproj", "{901BC24A-74B4-498A-A969-C9659AE2A789}"
EndProject
Project("{AF5A4E9E-1CB6-4325-AE5C-F3437C6CEE36}") = "SE.Nereda.ATVHMIPlugin", "SE.Nereda\ATVHMIPlugin\SE.Nereda.ATVHMIPlugin.atvdisplayproj", "{B43ADD00-0B7E-4102-9C03-BB3E3E2DB477}"
EndProject
Global
	GlobalSection(SolutionConfigurationPlatforms) = preSolution
		Debug|Windows = Debug|Windows
		Release|Windows = Release|Windows
	EndGlobalSection
	GlobalSection(ProjectConfigurationPlatforms) = postSolution
		{E4330723-60A1-48F8-BB6D-305C34AA7424}.Debug|Windows.ActiveCfg = Debug|Windows
		{E4330723-60A1-48F8-BB6D-305C34AA7424}.Debug|Windows.Build.0 = Debug|Windows
		{E4330723-60A1-48F8-BB6D-305C34AA7424}.Release|Windows.ActiveCfg = Release|Windows
		{E4330723-60A1-48F8-BB6D-305C34AA7424}.Release|Windows.Build.0 = Release|Windows
		{F8418BCD-5011-4BA7-89A5-0E68939D75F7}.Debug|Windows.ActiveCfg = Debug|Windows
		{F8418BCD-5011-4BA7-89A5-0E68939D75F7}.Debug|Windows.Build.0 = Debug|Windows
		{F8418BCD-5011-4BA7-89A5-0E68939D75F7}.Release|Windows.ActiveCfg = Release|Windows
		{F8418BCD-5011-4BA7-89A5-0E68939D75F7}.Release|Windows.Build.0 = Release|Windows
		{A3BD022E-9A95-4578-B108-441FBDE3631C}.Debug|Windows.ActiveCfg = Debug|Windows
		{A3BD022E-9A95-4578-B108-441FBDE3631C}.Debug|Windows.Build.0 = Debug|Windows
		{A3BD022E-9A95-4578-B108-441FBDE3631C}.Release|Windows.ActiveCfg = Release|Windows
		{A3BD022E-9A95-4578-B108-441FBDE3631C}.Release|Windows.Build.0 = Release|Windows
		{5A9F841B-BDC6-4DE1-9FD4-9FBBCD0FA61D}.Debug|Windows.ActiveCfg = Debug|Windows
		{5A9F841B-BDC6-4DE1-9FD4-9FBBCD0FA61D}.Debug|Windows.Build.0 = Debug|Windows
		{5A9F841B-BDC6-4DE1-9FD4-9FBBCD0FA61D}.Release|Windows.ActiveCfg = Release|Windows
		{5A9F841B-BDC6-4DE1-9FD4-9FBBCD0FA61D}.Release|Windows.Build.0 = Release|Windows
		{3A82B9B8-1B96-431B-A2EC-4021C9D30BFF}.Debug|Windows.ActiveCfg = Debug|Windows
		{3A82B9B8-1B96-431B-A2EC-4021C9D30BFF}.Debug|Windows.Build.0 = Debug|Windows
		{3A82B9B8-1B96-431B-A2EC-4021C9D30BFF}.Release|Windows.ActiveCfg = Release|Windows
		{3A82B9B8-1B96-431B-A2EC-4021C9D30BFF}.Release|Windows.Build.0 = Release|Windows
		{1DCA7409-3727-4A01-A194-D143EC9FEFFB}.Debug|Windows.ActiveCfg = Debug|Windows
		{1DCA7409-3727-4A01-A194-D143EC9FEFFB}.Debug|Windows.Build.0 = Debug|Windows
		{1DCA7409-3727-4A01-A194-D143EC9FEFFB}.Release|Windows.ActiveCfg = Release|Windows
		{1DCA7409-3727-4A01-A194-D143EC9FEFFB}.Release|Windows.Build.0 = Release|Windows
		{F55E71AA-2081-4933-B165-BA0FC5600EF2}.Debug|Windows.ActiveCfg = Debug|Windows
		{F55E71AA-2081-4933-B165-BA0FC5600EF2}.Debug|Windows.Build.0 = Debug|Windows
		{F55E71AA-2081-4933-B165-BA0FC5600EF2}.Release|Windows.ActiveCfg = Release|Windows
		{F55E71AA-2081-4933-B165-BA0FC5600EF2}.Release|Windows.Build.0 = Release|Windows
		{3EA813AC-E2A7-4E9C-8CD6-BBD247F08600}.Debug|Windows.ActiveCfg = Debug|Windows
		{3EA813AC-E2A7-4E9C-8CD6-BBD247F08600}.Debug|Windows.Build.0 = Debug|Windows
		{3EA813AC-E2A7-4E9C-8CD6-BBD247F08600}.Release|Windows.ActiveCfg = Release|Windows
		{3EA813AC-E2A7-4E9C-8CD6-BBD247F08600}.Release|Windows.Build.0 = Release|Windows
		{4B6366F8-0B9B-4BAD-AA76-4103C7764FAA}.Debug|Windows.ActiveCfg = Debug|Windows
		{4B6366F8-0B9B-4BAD-AA76-4103C7764FAA}.Debug|Windows.Build.0 = Debug|Windows
		{4B6366F8-0B9B-4BAD-AA76-4103C7764FAA}.Release|Windows.ActiveCfg = Release|Windows
		{4B6366F8-0B9B-4BAD-AA76-4103C7764FAA}.Release|Windows.Build.0 = Release|Windows
		{7C238246-4769-441E-A11C-14B4F0173D7D}.Debug|Windows.ActiveCfg = Debug|Windows
		{7C238246-4769-441E-A11C-14B4F0173D7D}.Debug|Windows.Build.0 = Debug|Windows
		{7C238246-4769-441E-A11C-14B4F0173D7D}.Release|Windows.ActiveCfg = Release|Windows
		{7C238246-4769-441E-A11C-14B4F0173D7D}.Release|Windows.Build.0 = Release|Windows
		{85F5A61E-56E4-40D6-BF31-66EE2014CE77}.Debug|Windows.ActiveCfg = Debug|Windows
		{85F5A61E-56E4-40D6-BF31-66EE2014CE77}.Debug|Windows.Build.0 = Debug|Windows
		{85F5A61E-56E4-40D6-BF31-66EE2014CE77}.Release|Windows.ActiveCfg = Release|Windows
		{85F5A61E-56E4-40D6-BF31-66EE2014CE77}.Release|Windows.Build.0 = Release|Windows
		{82716B77-05C3-4088-8833-43225DA3F7E8}.Debug|Windows.ActiveCfg = Debug|Windows
		{82716B77-05C3-4088-8833-43225DA3F7E8}.Debug|Windows.Build.0 = Debug|Windows
		{82716B77-05C3-4088-8833-43225DA3F7E8}.Release|Windows.ActiveCfg = Release|Windows
		{82716B77-05C3-4088-8833-43225DA3F7E8}.Release|Windows.Build.0 = Release|Windows
		{E7103B6D-B291-4B9A-83DA-F0D8BE7108DC}.Debug|Windows.ActiveCfg = Debug|Windows
		{E7103B6D-B291-4B9A-83DA-F0D8BE7108DC}.Debug|Windows.Build.0 = Debug|Windows
		{E7103B6D-B291-4B9A-83DA-F0D8BE7108DC}.Release|Windows.ActiveCfg = Release|Windows
		{E7103B6D-B291-4B9A-83DA-F0D8BE7108DC}.Release|Windows.Build.0 = Release|Windows
		{8EE5DF0B-CE83-4BF4-84C3-786C9C02BD55}.Debug|Windows.ActiveCfg = Debug|Windows
		{8EE5DF0B-CE83-4BF4-84C3-786C9C02BD55}.Debug|Windows.Build.0 = Debug|Windows
		{8EE5DF0B-CE83-4BF4-84C3-786C9C02BD55}.Release|Windows.ActiveCfg = Release|Windows
		{8EE5DF0B-CE83-4BF4-84C3-786C9C02BD55}.Release|Windows.Build.0 = Release|Windows
		{54B2432E-62B9-436B-BA84-1F7F383D1E5A}.Debug|Windows.ActiveCfg = Debug|Windows
		{54B2432E-62B9-436B-BA84-1F7F383D1E5A}.Debug|Windows.Build.0 = Debug|Windows
		{54B2432E-62B9-436B-BA84-1F7F383D1E5A}.Release|Windows.ActiveCfg = Release|Windows
		{54B2432E-62B9-436B-BA84-1F7F383D1E5A}.Release|Windows.Build.0 = Release|Windows
		{9EE2B9CC-CBD7-4123-935E-A78B80855479}.Debug|Windows.ActiveCfg = Debug|Windows
		{9EE2B9CC-CBD7-4123-935E-A78B80855479}.Debug|Windows.Build.0 = Debug|Windows
		{9EE2B9CC-CBD7-4123-935E-A78B80855479}.Release|Windows.ActiveCfg = Release|Windows
		{9EE2B9CC-CBD7-4123-935E-A78B80855479}.Release|Windows.Build.0 = Release|Windows
		{86FC35A7-BFCB-4456-9408-E4F5C5284977}.Debug|Windows.ActiveCfg = Debug|Windows
		{86FC35A7-BFCB-4456-9408-E4F5C5284977}.Debug|Windows.Build.0 = Debug|Windows
		{86FC35A7-BFCB-4456-9408-E4F5C5284977}.Release|Windows.ActiveCfg = Release|Windows
		{86FC35A7-BFCB-4456-9408-E4F5C5284977}.Release|Windows.Build.0 = Release|Windows
		{901BC24A-74B4-498A-A969-C9659AE2A789}.Debug|Windows.ActiveCfg = Debug|Windows
		{901BC24A-74B4-498A-A969-C9659AE2A789}.Debug|Windows.Build.0 = Debug|Windows
		{901BC24A-74B4-498A-A969-C9659AE2A789}.Release|Windows.ActiveCfg = Release|Windows
		{901BC24A-74B4-498A-A969-C9659AE2A789}.Release|Windows.Build.0 = Release|Windows
		{B43ADD00-0B7E-4102-9C03-BB3E3E2DB477}.Debug|Windows.ActiveCfg = Debug|Windows
		{B43ADD00-0B7E-4102-9C03-BB3E3E2DB477}.Debug|Windows.Build.0 = Debug|Windows
		{B43ADD00-0B7E-4102-9C03-BB3E3E2DB477}.Release|Windows.ActiveCfg = Release|Windows
		{B43ADD00-0B7E-4102-9C03-BB3E3E2DB477}.Release|Windows.Build.0 = Release|Windows
	EndGlobalSection
EndGlobal
