
Microsoft Visual Studio Solution File, Format Version 11.00
# Visual Studio 2010
# SharpDevelop 5.2
Project("{FAE04EC0-301F-11D3-BF4B-00C04F79EFBC}") = "HMI", "HMI\HMI.csproj", "{6F9634F6-BE11-4388-932A-E321B0C2DAC4}"
EndProject
Project("{38DB5ADD-0BC9-44D4-BE85-0EAFA8D5BD5F}") = "WEB", "WEB\WEB.htmlproj", "{972236EF-3B21-42C4-99AE-6F845F9CF395}"
EndProject
Project("{72AEB29F-A91B-8B3D-40ED-1C96841A14A3}") = "HwConfiguration", "HwConfiguration\HwConfiguration.hwconfigproj", "{A094F58B-1FFA-45BD-B7EB-44329F539EDE}"
EndProject
Project("{E25C2A81-DD87-490C-A304-820B0BA163F2}") = "AssetLinkData", "AssetLinkData\AssetLinkData.assetLinkDataproj", "{2100A951-5A31-4E55-AD88-2BFB64D3A3FA}"
EndProject
Project("{B8625A29-8134-4135-BEBD-5371646CD051}") = "TopologyManager", "Topology\TopologyManager.topologyproj", "{630B4ACF-89EB-469A-9BA9-8FC574E95EAA}"
EndProject
Project("{AF5A4E9E-1CB6-4325-AE5C-F3437C6CEE36}") = "ATVHMIPlugin", "ATVHMIPlugin\ATVHMIPlugin.atvdisplayproj", "{AD35719F-6863-4A27-9990-23B9654F6A0F}"
EndProject
Project("{734B64AD-5918-4A98-921E-F30440701D97}") = "AvevaOMI", "AvevaOMI\AvevaOMI.omiproj", "{8895BE67-1457-48B2-8F3A-A81619122EC7}"
EndProject
Global
	GlobalSection(SolutionConfigurationPlatforms) = preSolution
		Debug|Windows = Debug|Windows
		Release|Windows = Release|Windows
	EndGlobalSection
	GlobalSection(ProjectConfigurationPlatforms) = postSolution
		{6F9634F6-BE11-4388-932A-E321B0C2DAC4}.Debug|Windows.ActiveCfg = Debug|Windows
		{6F9634F6-BE11-4388-932A-E321B0C2DAC4}.Debug|Windows.Build.0 = Debug|Windows
		{6F9634F6-BE11-4388-932A-E321B0C2DAC4}.Release|Windows.ActiveCfg = Release|Windows
		{6F9634F6-BE11-4388-932A-E321B0C2DAC4}.Release|Windows.Build.0 = Release|Windows
		{972236EF-3B21-42C4-99AE-6F845F9CF395}.Debug|Windows.ActiveCfg = Debug|Windows
		{972236EF-3B21-42C4-99AE-6F845F9CF395}.Debug|Windows.Build.0 = Debug|Windows
		{972236EF-3B21-42C4-99AE-6F845F9CF395}.Release|Windows.ActiveCfg = Release|Windows
		{972236EF-3B21-42C4-99AE-6F845F9CF395}.Release|Windows.Build.0 = Release|Windows
		{A094F58B-1FFA-45BD-B7EB-44329F539EDE}.Debug|Windows.ActiveCfg = Debug|Windows
		{A094F58B-1FFA-45BD-B7EB-44329F539EDE}.Debug|Windows.Build.0 = Debug|Windows
		{A094F58B-1FFA-45BD-B7EB-44329F539EDE}.Release|Windows.ActiveCfg = Release|Windows
		{A094F58B-1FFA-45BD-B7EB-44329F539EDE}.Release|Windows.Build.0 = Release|Windows
		{2100A951-5A31-4E55-AD88-2BFB64D3A3FA}.Debug|Windows.ActiveCfg = Debug|Windows
		{2100A951-5A31-4E55-AD88-2BFB64D3A3FA}.Debug|Windows.Build.0 = Debug|Windows
		{2100A951-5A31-4E55-AD88-2BFB64D3A3FA}.Release|Windows.ActiveCfg = Release|Windows
		{2100A951-5A31-4E55-AD88-2BFB64D3A3FA}.Release|Windows.Build.0 = Release|Windows
		{630B4ACF-89EB-469A-9BA9-8FC574E95EAA}.Debug|Windows.ActiveCfg = Debug|Windows
		{630B4ACF-89EB-469A-9BA9-8FC574E95EAA}.Debug|Windows.Build.0 = Debug|Windows
		{630B4ACF-89EB-469A-9BA9-8FC574E95EAA}.Release|Windows.ActiveCfg = Release|Windows
		{630B4ACF-89EB-469A-9BA9-8FC574E95EAA}.Release|Windows.Build.0 = Release|Windows
		{AD35719F-6863-4A27-9990-23B9654F6A0F}.Debug|Windows.ActiveCfg = Debug|Windows
		{AD35719F-6863-4A27-9990-23B9654F6A0F}.Debug|Windows.Build.0 = Debug|Windows
		{AD35719F-6863-4A27-9990-23B9654F6A0F}.Release|Windows.ActiveCfg = Release|Windows
		{AD35719F-6863-4A27-9990-23B9654F6A0F}.Release|Windows.Build.0 = Release|Windows
		{8895BE67-1457-48B2-8F3A-A81619122EC7}.Debug|Windows.ActiveCfg = Debug|Windows
		{8895BE67-1457-48B2-8F3A-A81619122EC7}.Debug|Windows.Build.0 = Debug|Windows
		{8895BE67-1457-48B2-8F3A-A81619122EC7}.Release|Windows.ActiveCfg = Release|Windows
		{8895BE67-1457-48B2-8F3A-A81619122EC7}.Release|Windows.Build.0 = Release|Windows
	EndGlobalSection
EndGlobal
